// !$*UTF8*$!
{
	archiveVersion = 1;
	classes = {
	};
	objectVersion = 46;
	objects = {

/* Begin PBXBuildFile section */
		2C50C77E1B0583B2000D6899 /* Person.m in Sources */ = {isa = PBXBuildFile; fileRef = 2C50C77D1B0583B2000D6899 /* Person.m */; };
		2C50C79C1B05AA98000D6899 /* Group.m in Sources */ = {isa = PBXBuildFile; fileRef = 2C50C79B1B05AA98000D6899 /* Group.m */; };
		2C50C79F1B05AC42000D6899 /* CategoryController.m in Sources */ = {isa = PBXBuildFile; fileRef = 2C50C79E1B05AC42000D6899 /* CategoryController.m */; };
		2C836B561AFD5C660066C6DE /* main.m in Sources */ = {isa = PBXBuildFile; fileRef = 2C836B551AFD5C660066C6DE /* main.m */; };
		2C836B591AFD5C660066C6DE /* AppDelegate.m in Sources */ = {isa = PBXBuildFile; fileRef = 2C836B581AFD5C660066C6DE /* AppDelegate.m */; };
		2C836B5F1AFD5C660066C6DE /* Main.storyboard in Resources */ = {isa = PBXBuildFile; fileRef = 2C836B5D1AFD5C660066C6DE /* Main.storyboard */; };
		2C836B611AFD5C660066C6DE /* Images.xcassets in Resources */ = {isa = PBXBuildFile; fileRef = 2C836B601AFD5C660066C6DE /* Images.xcassets */; };
		2C836B641AFD5C660066C6DE /* LaunchScreen.xib in Resources */ = {isa = PBXBuildFile; fileRef = 2C836B621AFD5C660066C6DE /* LaunchScreen.xib */; };
		2C836B701AFD5C660066C6DE /* RememberMeTests.m in Sources */ = {isa = PBXBuildFile; fileRef = 2C836B6F1AFD5C660066C6DE /* RememberMeTests.m */; };
		2C836B7E1AFD5DC70066C6DE /* AddViewController.m in Sources */ = {isa = PBXBuildFile; fileRef = 2C836B7D1AFD5DC70066C6DE /* AddViewController.m */; };
		2C836B811AFD5DD40066C6DE /* ListViewController.m in Sources */ = {isa = PBXBuildFile; fileRef = 2C836B801AFD5DD40066C6DE /* ListViewController.m */; };
		2C836B8A1AFD5EAB0066C6DE /* Stack.m in Sources */ = {isa = PBXBuildFile; fileRef = 2C836B891AFD5EAB0066C6DE /* Stack.m */; };
		2C836B8F1AFD60600066C6DE /* PersonController.m in Sources */ = {isa = PBXBuildFile; fileRef = 2C836B8E1AFD60600066C6DE /* PersonController.m */; };
		2C836B911AFD607E0066C6DE /* CoreData.framework in Frameworks */ = {isa = PBXBuildFile; fileRef = 2C836B901AFD607E0066C6DE /* CoreData.framework */; };
		2C836B941AFD61170066C6DE /* Model.xcdatamodeld in Sources */ = {isa = PBXBuildFile; fileRef = 2C836B921AFD61170066C6DE /* Model.xcdatamodeld */; };
		2CC686191B042C55005AC1D4 /* CategoryViewController.m in Sources */ = {isa = PBXBuildFile; fileRef = 2CC686181B042C55005AC1D4 /* CategoryViewController.m */; };
		2CC6861C1B04381A005AC1D4 /* CategoryOptionsViewController.m in Sources */ = {isa = PBXBuildFile; fileRef = 2CC6861B1B04381A005AC1D4 /* CategoryOptionsViewController.m */; };
/* End PBXBuildFile section */

/* Begin PBXContainerItemProxy section */
		2C836B6A1AFD5C660066C6DE /* PBXContainerItemProxy */ = {
			isa = PBXContainerItemProxy;
			containerPortal = 2C836B481AFD5C660066C6DE /* Project object */;
			proxyType = 1;
			remoteGlobalIDString = 2C836B4F1AFD5C660066C6DE;
			remoteInfo = RememberMe;
		};
/* End PBXContainerItemProxy section */

/* Begin PBXFileReference section */
		2C50C77C1B0583B2000D6899 /* Person.h */ = {isa = PBXFileReference; fileEncoding = 4; lastKnownFileType = sourcecode.c.h; path = Person.h; sourceTree = "<group>"; };
		2C50C77D1B0583B2000D6899 /* Person.m */ = {isa = PBXFileReference; fileEncoding = 4; lastKnownFileType = sourcecode.c.objc; path = Person.m; sourceTree = "<group>"; };
		2C50C79A1B05AA98000D6899 /* Group.h */ = {isa = PBXFileReference; fileEncoding = 4; lastKnownFileType = sourcecode.c.h; path = Group.h; sourceTree = "<group>"; };
		2C50C79B1B05AA98000D6899 /* Group.m */ = {isa = PBXFileReference; fileEncoding = 4; lastKnownFileType = sourcecode.c.objc; path = Group.m; sourceTree = "<group>"; };
		2C50C79D1B05AC42000D6899 /* CategoryController.h */ = {isa = PBXFileReference; fileEncoding = 4; lastKnownFileType = sourcecode.c.h; path = CategoryController.h; sourceTree = "<group>"; };
		2C50C79E1B05AC42000D6899 /* CategoryController.m */ = {isa = PBXFileReference; fileEncoding = 4; lastKnownFileType = sourcecode.c.objc; path = CategoryController.m; sourceTree = "<group>"; };
		2C836B501AFD5C660066C6DE /* RememberMe.app */ = {isa = PBXFileReference; explicitFileType = wrapper.application; includeInIndex = 0; path = RememberMe.app; sourceTree = BUILT_PRODUCTS_DIR; };
		2C836B541AFD5C660066C6DE /* Info.plist */ = {isa = PBXFileReference; lastKnownFileType = text.plist.xml; path = Info.plist; sourceTree = "<group>"; };
		2C836B551AFD5C660066C6DE /* main.m */ = {isa = PBXFileReference; lastKnownFileType = sourcecode.c.objc; path = main.m; sourceTree = "<group>"; };
		2C836B571AFD5C660066C6DE /* AppDelegate.h */ = {isa = PBXFileReference; lastKnownFileType = sourcecode.c.h; path = AppDelegate.h; sourceTree = "<group>"; };
		2C836B581AFD5C660066C6DE /* AppDelegate.m */ = {isa = PBXFileReference; lastKnownFileType = sourcecode.c.objc; path = AppDelegate.m; sourceTree = "<group>"; };
		2C836B5E1AFD5C660066C6DE /* Base */ = {isa = PBXFileReference; lastKnownFileType = file.storyboard; name = Base; path = Base.lproj/Main.storyboard; sourceTree = "<group>"; };
		2C836B601AFD5C660066C6DE /* Images.xcassets */ = {isa = PBXFileReference; lastKnownFileType = folder.assetcatalog; path = Images.xcassets; sourceTree = "<group>"; };
		2C836B631AFD5C660066C6DE /* Base */ = {isa = PBXFileReference; lastKnownFileType = file.xib; name = Base; path = Base.lproj/LaunchScreen.xib; sourceTree = "<group>"; };
		2C836B691AFD5C660066C6DE /* RememberMeTests.xctest */ = {isa = PBXFileReference; explicitFileType = wrapper.cfbundle; includeInIndex = 0; path = RememberMeTests.xctest; sourceTree = BUILT_PRODUCTS_DIR; };
		2C836B6E1AFD5C660066C6DE /* Info.plist */ = {isa = PBXFileReference; lastKnownFileType = text.plist.xml; path = Info.plist; sourceTree = "<group>"; };
		2C836B6F1AFD5C660066C6DE /* RememberMeTests.m */ = {isa = PBXFileReference; lastKnownFileType = sourcecode.c.objc; path = RememberMeTests.m; sourceTree = "<group>"; };
		2C836B7C1AFD5DC70066C6DE /* AddViewController.h */ = {isa = PBXFileReference; fileEncoding = 4; lastKnownFileType = sourcecode.c.h; path = AddViewController.h; sourceTree = "<group>"; };
		2C836B7D1AFD5DC70066C6DE /* AddViewController.m */ = {isa = PBXFileReference; fileEncoding = 4; lastKnownFileType = sourcecode.c.objc; path = AddViewController.m; sourceTree = "<group>"; };
		2C836B7F1AFD5DD40066C6DE /* ListViewController.h */ = {isa = PBXFileReference; fileEncoding = 4; lastKnownFileType = sourcecode.c.h; path = ListViewController.h; sourceTree = "<group>"; };
		2C836B801AFD5DD40066C6DE /* ListViewController.m */ = {isa = PBXFileReference; fileEncoding = 4; lastKnownFileType = sourcecode.c.objc; path = ListViewController.m; sourceTree = "<group>"; };
		2C836B881AFD5EAB0066C6DE /* Stack.h */ = {isa = PBXFileReference; fileEncoding = 4; lastKnownFileType = sourcecode.c.h; path = Stack.h; sourceTree = "<group>"; };
		2C836B891AFD5EAB0066C6DE /* Stack.m */ = {isa = PBXFileReference; fileEncoding = 4; lastKnownFileType = sourcecode.c.objc; path = Stack.m; sourceTree = "<group>"; };
		2C836B8D1AFD60600066C6DE /* PersonController.h */ = {isa = PBXFileReference; fileEncoding = 4; lastKnownFileType = sourcecode.c.h; path = PersonController.h; sourceTree = "<group>"; };
		2C836B8E1AFD60600066C6DE /* PersonController.m */ = {isa = PBXFileReference; fileEncoding = 4; lastKnownFileType = sourcecode.c.objc; path = PersonController.m; sourceTree = "<group>"; };
		2C836B901AFD607E0066C6DE /* CoreData.framework */ = {isa = PBXFileReference; lastKnownFileType = wrapper.framework; name = CoreData.framework; path = System/Library/Frameworks/CoreData.framework; sourceTree = SDKROOT; };
		2C836B931AFD61170066C6DE /* Model.xcdatamodel */ = {isa = PBXFileReference; lastKnownFileType = wrapper.xcdatamodel; path = Model.xcdatamodel; sourceTree = "<group>"; };
		2CC686171B042C55005AC1D4 /* CategoryViewController.h */ = {isa = PBXFileReference; fileEncoding = 4; lastKnownFileType = sourcecode.c.h; path = CategoryViewController.h; sourceTree = "<group>"; };
		2CC686181B042C55005AC1D4 /* CategoryViewController.m */ = {isa = PBXFileReference; fileEncoding = 4; lastKnownFileType = sourcecode.c.objc; path = CategoryViewController.m; sourceTree = "<group>"; };
		2CC6861A1B04381A005AC1D4 /* CategoryOptionsViewController.h */ = {isa = PBXFileReference; fileEncoding = 4; lastKnownFileType = sourcecode.c.h; path = CategoryOptionsViewController.h; sourceTree = "<group>"; };
		2CC6861B1B04381A005AC1D4 /* CategoryOptionsViewController.m */ = {isa = PBXFileReference; fileEncoding = 4; lastKnownFileType = sourcecode.c.objc; path = CategoryOptionsViewController.m; sourceTree = "<group>"; };
/* End PBXFileReference section */

/* Begin PBXFrameworksBuildPhase section */
		2C836B4D1AFD5C660066C6DE /* Frameworks */ = {
			isa = PBXFrameworksBuildPhase;
			buildActionMask = 2147483647;
			files = (
				2C836B911AFD607E0066C6DE /* CoreData.framework in Frameworks */,
			);
			runOnlyForDeploymentPostprocessing = 0;
		};
		2C836B661AFD5C660066C6DE /* Frameworks */ = {
			isa = PBXFrameworksBuildPhase;
			buildActionMask = 2147483647;
			files = (
			);
			runOnlyForDeploymentPostprocessing = 0;
		};
/* End PBXFrameworksBuildPhase section */

/* Begin PBXGroup section */
		2C836B471AFD5C660066C6DE = {
			isa = PBXGroup;
			children = (
				2C836B521AFD5C660066C6DE /* RememberMe */,
				2C836B6C1AFD5C660066C6DE /* RememberMeTests */,
				2C836B511AFD5C660066C6DE /* Products */,
				2C836B901AFD607E0066C6DE /* CoreData.framework */,
			);
			sourceTree = "<group>";
		};
		2C836B511AFD5C660066C6DE /* Products */ = {
			isa = PBXGroup;
			children = (
				2C836B501AFD5C660066C6DE /* RememberMe.app */,
				2C836B691AFD5C660066C6DE /* RememberMeTests.xctest */,
			);
			name = Products;
			sourceTree = "<group>";
		};
		2C836B521AFD5C660066C6DE /* RememberMe */ = {
			isa = PBXGroup;
			children = (
				2C836B571AFD5C660066C6DE /* AppDelegate.h */,
				2C836B581AFD5C660066C6DE /* AppDelegate.m */,
				2C836B8B1AFD5EB80066C6DE /* Models */,
				2C836B8C1AFD5ED30066C6DE /* Views */,
				2CC686161B030748005AC1D4 /* Controllers */,
				2C836B5D1AFD5C660066C6DE /* Main.storyboard */,
				2C836B601AFD5C660066C6DE /* Images.xcassets */,
				2C836B621AFD5C660066C6DE /* LaunchScreen.xib */,
				2C836B921AFD61170066C6DE /* Model.xcdatamodeld */,
				2C836B531AFD5C660066C6DE /* Supporting Files */,
			);
			path = RememberMe;
			sourceTree = "<group>";
		};
		2C836B531AFD5C660066C6DE /* Supporting Files */ = {
			isa = PBXGroup;
			children = (
				2C836B541AFD5C660066C6DE /* Info.plist */,
				2C836B551AFD5C660066C6DE /* main.m */,
			);
			name = "Supporting Files";
			sourceTree = "<group>";
		};
		2C836B6C1AFD5C660066C6DE /* RememberMeTests */ = {
			isa = PBXGroup;
			children = (
				2C836B6F1AFD5C660066C6DE /* RememberMeTests.m */,
				2C836B6D1AFD5C660066C6DE /* Supporting Files */,
			);
			path = RememberMeTests;
			sourceTree = "<group>";
		};
		2C836B6D1AFD5C660066C6DE /* Supporting Files */ = {
			isa = PBXGroup;
			children = (
				2C836B6E1AFD5C660066C6DE /* Info.plist */,
			);
			name = "Supporting Files";
			sourceTree = "<group>";
		};
		2C836B8B1AFD5EB80066C6DE /* Models */ = {
			isa = PBXGroup;
			children = (
				2C50C79A1B05AA98000D6899 /* Group.h */,
				2C50C79B1B05AA98000D6899 /* Group.m */,
				2C50C77C1B0583B2000D6899 /* Person.h */,
				2C50C77D1B0583B2000D6899 /* Person.m */,
				2C836B881AFD5EAB0066C6DE /* Stack.h */,
				2C836B891AFD5EAB0066C6DE /* Stack.m */,
			);
			name = Models;
			sourceTree = "<group>";
		};
		2C836B8C1AFD5ED30066C6DE /* Views */ = {
			isa = PBXGroup;
			children = (
				2C836B7C1AFD5DC70066C6DE /* AddViewController.h */,
				2C836B7D1AFD5DC70066C6DE /* AddViewController.m */,
				2C836B7F1AFD5DD40066C6DE /* ListViewController.h */,
				2C836B801AFD5DD40066C6DE /* ListViewController.m */,
				2CC686171B042C55005AC1D4 /* CategoryViewController.h */,
				2CC686181B042C55005AC1D4 /* CategoryViewController.m */,
				2CC6861A1B04381A005AC1D4 /* CategoryOptionsViewController.h */,
				2CC6861B1B04381A005AC1D4 /* CategoryOptionsViewController.m */,
			);
			name = Views;
			sourceTree = "<group>";
		};
		2CC686161B030748005AC1D4 /* Controllers */ = {
			isa = PBXGroup;
			children = (
				2C836B8D1AFD60600066C6DE /* PersonController.h */,
				2C836B8E1AFD60600066C6DE /* PersonController.m */,
				2C50C79D1B05AC42000D6899 /* CategoryController.h */,
				2C50C79E1B05AC42000D6899 /* CategoryController.m */,
			);
			name = Controllers;
			sourceTree = "<group>";
		};
/* End PBXGroup section */

/* Begin PBXNativeTarget section */
		2C836B4F1AFD5C660066C6DE /* RememberMe */ = {
			isa = PBXNativeTarget;
			buildConfigurationList = 2C836B731AFD5C660066C6DE /* Build configuration list for PBXNativeTarget "RememberMe" */;
			buildPhases = (
				2C836B4C1AFD5C660066C6DE /* Sources */,
				2C836B4D1AFD5C660066C6DE /* Frameworks */,
				2C836B4E1AFD5C660066C6DE /* Resources */,
			);
			buildRules = (
			);
			dependencies = (
			);
			name = RememberMe;
			productName = RememberMe;
			productReference = 2C836B501AFD5C660066C6DE /* RememberMe.app */;
			productType = "com.apple.product-type.application";
		};
		2C836B681AFD5C660066C6DE /* RememberMeTests */ = {
			isa = PBXNativeTarget;
			buildConfigurationList = 2C836B761AFD5C660066C6DE /* Build configuration list for PBXNativeTarget "RememberMeTests" */;
			buildPhases = (
				2C836B651AFD5C660066C6DE /* Sources */,
				2C836B661AFD5C660066C6DE /* Frameworks */,
				2C836B671AFD5C660066C6DE /* Resources */,
			);
			buildRules = (
			);
			dependencies = (
				2C836B6B1AFD5C660066C6DE /* PBXTargetDependency */,
			);
			name = RememberMeTests;
			productName = RememberMeTests;
			productReference = 2C836B691AFD5C660066C6DE /* RememberMeTests.xctest */;
			productType = "com.apple.product-type.bundle.unit-test";
		};
/* End PBXNativeTarget section */

/* Begin PBXProject section */
		2C836B481AFD5C660066C6DE /* Project object */ = {
			isa = PBXProject;
			attributes = {
				LastUpgradeCheck = 0630;
				ORGANIZATIONNAME = "Alan Barth";
				TargetAttributes = {
					2C836B4F1AFD5C660066C6DE = {
						CreatedOnToolsVersion = 6.3;
					};
					2C836B681AFD5C660066C6DE = {
						CreatedOnToolsVersion = 6.3;
						TestTargetID = 2C836B4F1AFD5C660066C6DE;
					};
				};
			};
			buildConfigurationList = 2C836B4B1AFD5C660066C6DE /* Build configuration list for PBXProject "RememberMe" */;
			compatibilityVersion = "Xcode 3.2";
			developmentRegion = English;
			hasScannedForEncodings = 0;
			knownRegions = (
				en,
				Base,
			);
			mainGroup = 2C836B471AFD5C660066C6DE;
			productRefGroup = 2C836B511AFD5C660066C6DE /* Products */;
			projectDirPath = "";
			projectRoot = "";
			targets = (
				2C836B4F1AFD5C660066C6DE /* RememberMe */,
				2C836B681AFD5C660066C6DE /* RememberMeTests */,
			);
		};
/* End PBXProject section */

/* Begin PBXResourcesBuildPhase section */
		2C836B4E1AFD5C660066C6DE /* Resources */ = {
			isa = PBXResourcesBuildPhase;
			buildActionMask = 2147483647;
			files = (
				2C836B5F1AFD5C660066C6DE /* Main.storyboard in Resources */,
				2C836B641AFD5C660066C6DE /* LaunchScreen.xib in Resources */,
				2C836B611AFD5C660066C6DE /* Images.xcassets in Resources */,
			);
			runOnlyForDeploymentPostprocessing = 0;
		};
		2C836B671AFD5C660066C6DE /* Resources */ = {
			isa = PBXResourcesBuildPhase;
			buildActionMask = 2147483647;
			files = (
			);
			runOnlyForDeploymentPostprocessing = 0;
		};
/* End PBXResourcesBuildPhase section */

/* Begin PBXSourcesBuildPhase section */
		2C836B4C1AFD5C660066C6DE /* Sources */ = {
			isa = PBXSourcesBuildPhase;
			buildActionMask = 2147483647;
			files = (
				2C50C79C1B05AA98000D6899 /* Group.m in Sources */,
				2C836B8F1AFD60600066C6DE /* PersonController.m in Sources */,
				2C836B8A1AFD5EAB0066C6DE /* Stack.m in Sources */,
				2C50C77E1B0583B2000D6899 /* Person.m in Sources */,
				2C836B811AFD5DD40066C6DE /* ListViewController.m in Sources */,
				2C50C79F1B05AC42000D6899 /* CategoryController.m in Sources */,
				2C836B591AFD5C660066C6DE /* AppDelegate.m in Sources */,
				2CC686191B042C55005AC1D4 /* CategoryViewController.m in Sources */,
				2CC6861C1B04381A005AC1D4 /* CategoryOptionsViewController.m in Sources */,
				2C836B941AFD61170066C6DE /* Model.xcdatamodeld in Sources */,
				2C836B7E1AFD5DC70066C6DE /* AddViewController.m in Sources */,
				2C836B561AFD5C660066C6DE /* main.m in Sources */,
			);
			runOnlyForDeploymentPostprocessing = 0;
		};
		2C836B651AFD5C660066C6DE /* Sources */ = {
			isa = PBXSourcesBuildPhase;
			buildActionMask = 2147483647;
			files = (
				2C836B701AFD5C660066C6DE /* RememberMeTests.m in Sources */,
			);
			runOnlyForDeploymentPostprocessing = 0;
		};
/* End PBXSourcesBuildPhase section */

/* Begin PBXTargetDependency section */
		2C836B6B1AFD5C660066C6DE /* PBXTargetDependency */ = {
			isa = PBXTargetDependency;
			target = 2C836B4F1AFD5C660066C6DE /* RememberMe */;
			targetProxy = 2C836B6A1AFD5C660066C6DE /* PBXContainerItemProxy */;
		};
/* End PBXTargetDependency section */

/* Begin PBXVariantGroup section */
		2C836B5D1AFD5C660066C6DE /* Main.storyboard */ = {
			isa = PBXVariantGroup;
			children = (
				2C836B5E1AFD5C660066C6DE /* Base */,
			);
			name = Main.storyboard;
			sourceTree = "<group>";
		};
		2C836B621AFD5C660066C6DE /* LaunchScreen.xib */ = {
			isa = PBXVariantGroup;
			children = (
				2C836B631AFD5C660066C6DE /* Base */,
			);
			name = LaunchScreen.xib;
			sourceTree = "<group>";
		};
/* End PBXVariantGroup section */

/* Begin XCBuildConfiguration section */
		2C836B711AFD5C660066C6DE /* Debug */ = {
			isa = XCBuildConfiguration;
			buildSettings = {
				ALWAYS_SEARCH_USER_PATHS = NO;
				CLANG_CXX_LANGUAGE_STANDARD = "gnu++0x";
				CLANG_CXX_LIBRARY = "libc++";
				CLANG_ENABLE_MODULES = YES;
				CLANG_ENABLE_OBJC_ARC = YES;
				CLANG_WARN_BOOL_CONVERSION = YES;
				CLANG_WARN_CONSTANT_CONVERSION = YES;
				CLANG_WARN_DIRECT_OBJC_ISA_USAGE = YES_ERROR;
				CLANG_WARN_EMPTY_BODY = YES;
				CLANG_WARN_ENUM_CONVERSION = YES;
				CLANG_WARN_INT_CONVERSION = YES;
				CLANG_WARN_OBJC_ROOT_CLASS = YES_ERROR;
				CLANG_WARN_UNREACHABLE_CODE = YES;
				CLANG_WARN__DUPLICATE_METHOD_MATCH = YES;
				"CODE_SIGN_IDENTITY[sdk=iphoneos*]" = "iPhone Developer";
				COPY_PHASE_STRIP = NO;
				DEBUG_INFORMATION_FORMAT = "dwarf-with-dsym";
				ENABLE_STRICT_OBJC_MSGSEND = YES;
				GCC_C_LANGUAGE_STANDARD = gnu99;
				GCC_DYNAMIC_NO_PIC = NO;
				GCC_NO_COMMON_BLOCKS = YES;
				GCC_OPTIMIZATION_LEVEL = 0;
				GCC_PREPROCESSOR_DEFINITIONS = (
					"DEBUG=1",
					"$(inherited)",
				);
				GCC_SYMBOLS_PRIVATE_EXTERN = NO;
				GCC_WARN_64_TO_32_BIT_CONVERSION = YES;
				GCC_WARN_ABOUT_RETURN_TYPE = YES_ERROR;
				GCC_WARN_UNDECLARED_SELECTOR = YES;
				GCC_WARN_UNINITIALIZED_AUTOS = YES_AGGRESSIVE;
				GCC_WARN_UNUSED_FUNCTION = YES;
				GCC_WARN_UNUSED_VARIABLE = YES;
				IPHONEOS_DEPLOYMENT_TARGET = 8.3;
				MTL_ENABLE_DEBUG_INFO = YES;
				ONLY_ACTIVE_ARCH = YES;
				SDKROOT = iphoneos;
			};
			name = Debug;
		};
		2C836B721AFD5C660066C6DE /* Release */ = {
			isa = XCBuildConfiguration;
			buildSettings = {
				ALWAYS_SEARCH_USER_PATHS = NO;
				CLANG_CXX_LANGUAGE_STANDARD = "gnu++0x";
				CLANG_CXX_LIBRARY = "libc++";
				CLANG_ENABLE_MODULES = YES;
				CLANG_ENABLE_OBJC_ARC = YES;
				CLANG_WARN_BOOL_CONVERSION = YES;
				CLANG_WARN_CONSTANT_CONVERSION = YES;
				CLANG_WARN_DIRECT_OBJC_ISA_USAGE = YES_ERROR;
				CLANG_WARN_EMPTY_BODY = YES;
				CLANG_WARN_ENUM_CONVERSION = YES;
				CLANG_WARN_INT_CONVERSION = YES;
				CLANG_WARN_OBJC_ROOT_CLASS = YES_ERROR;
				CLANG_WARN_UNREACHABLE_CODE = YES;
				CLANG_WARN__DUPLICATE_METHOD_MATCH = YES;
				"CODE_SIGN_IDENTITY[sdk=iphoneos*]" = "iPhone Developer";
				COPY_PHASE_STRIP = NO;
				DEBUG_INFORMATION_FORMAT = "dwarf-with-dsym";
				ENABLE_NS_ASSERTIONS = NO;
				ENABLE_STRICT_OBJC_MSGSEND = YES;
				GCC_C_LANGUAGE_STANDARD = gnu99;
				GCC_NO_COMMON_BLOCKS = YES;
				GCC_WARN_64_TO_32_BIT_CONVERSION = YES;
				GCC_WARN_ABOUT_RETURN_TYPE = YES_ERROR;
				GCC_WARN_UNDECLARED_SELECTOR = YES;
				GCC_WARN_UNINITIALIZED_AUTOS = YES_AGGRESSIVE;
				GCC_WARN_UNUSED_FUNCTION = YES;
				GCC_WARN_UNUSED_VARIABLE = YES;
				IPHONEOS_DEPLOYMENT_TARGET = 8.3;
				MTL_ENABLE_DEBUG_INFO = NO;
				SDKROOT = iphoneos;
				VALIDATE_PRODUCT = YES;
			};
			name = Release;
		};
		2C836B741AFD5C660066C6DE /* Debug */ = {
			isa = XCBuildConfiguration;
			buildSettings = {
				ASSETCATALOG_COMPILER_APPICON_NAME = AppIcon;
				INFOPLIST_FILE = RememberMe/Info.plist;
				LD_RUNPATH_SEARCH_PATHS = "$(inherited) @executable_path/Frameworks";
				PRODUCT_NAME = "$(TARGET_NAME)";
			};
			name = Debug;
		};
		2C836B751AFD5C660066C6DE /* Release */ = {
			isa = XCBuildConfiguration;
			buildSettings = {
				ASSETCATALOG_COMPILER_APPICON_NAME = AppIcon;
				INFOPLIST_FILE = RememberMe/Info.plist;
				LD_RUNPATH_SEARCH_PATHS = "$(inherited) @executable_path/Frameworks";
				PRODUCT_NAME = "$(TARGET_NAME)";
			};
			name = Release;
		};
		2C836B771AFD5C660066C6DE /* Debug */ = {
			isa = XCBuildConfiguration;
			buildSettings = {
				BUNDLE_LOADER = "$(TEST_HOST)";
				FRAMEWORK_SEARCH_PATHS = (
					"$(SDKROOT)/Developer/Library/Frameworks",
					"$(inherited)",
				);
				GCC_PREPROCESSOR_DEFINITIONS = (
					"DEBUG=1",
					"$(inherited)",
				);
				INFOPLIST_FILE = RememberMeTests/Info.plist;
				LD_RUNPATH_SEARCH_PATHS = "$(inherited) @executable_path/Frameworks @loader_path/Frameworks";
				PRODUCT_NAME = "$(TARGET_NAME)";
				TEST_HOST = "$(BUILT_PRODUCTS_DIR)/RememberMe.app/RememberMe";
			};
			name = Debug;
		};
		2C836B781AFD5C660066C6DE /* Release */ = {
			isa = XCBuildConfiguration;
			buildSettings = {
				BUNDLE_LOADER = "$(TEST_HOST)";
				FRAMEWORK_SEARCH_PATHS = (
					"$(SDKROOT)/Developer/Library/Frameworks",
					"$(inherited)",
				);
				INFOPLIST_FILE = RememberMeTests/Info.plist;
				LD_RUNPATH_SEARCH_PATHS = "$(inherited) @executable_path/Frameworks @loader_path/Frameworks";
				PRODUCT_NAME = "$(TARGET_NAME)";
				TEST_HOST = "$(BUILT_PRODUCTS_DIR)/RememberMe.app/RememberMe";
			};
			name = Release;
		};
/* End XCBuildConfiguration section */

/* Begin XCConfigurationList section */
		2C836B4B1AFD5C660066C6DE /* Build configuration list for PBXProject "RememberMe" */ = {
			isa = XCConfigurationList;
			buildConfigurations = (
				2C836B711AFD5C660066C6DE /* Debug */,
				2C836B721AFD5C660066C6DE /* Release */,
			);
			defaultConfigurationIsVisible = 0;
			defaultConfigurationName = Release;
		};
		2C836B731AFD5C660066C6DE /* Build configuration list for PBXNativeTarget "RememberMe" */ = {
			isa = XCConfigurationList;
			buildConfigurations = (
				2C836B741AFD5C660066C6DE /* Debug */,
				2C836B751AFD5C660066C6DE /* Release */,
			);
			defaultConfigurationIsVisible = 0;
			defaultConfigurationName = Release;
		};
		2C836B761AFD5C660066C6DE /* Build configuration list for PBXNativeTarget "RememberMeTests" */ = {
			isa = XCConfigurationList;
			buildConfigurations = (
				2C836B771AFD5C660066C6DE /* Debug */,
				2C836B781AFD5C660066C6DE /* Release */,
			);
			defaultConfigurationIsVisible = 0;
			defaultConfigurationName = Release;
		};
/* End XCConfigurationList section */

/* Begin XCVersionGroup section */
		2C836B921AFD61170066C6DE /* Model.xcdatamodeld */ = {
			isa = XCVersionGroup;
			children = (
				2C836B931AFD61170066C6DE /* Model.xcdatamodel */,
			);
			currentVersion = 2C836B931AFD61170066C6DE /* Model.xcdatamodel */;
			path = Model.xcdatamodeld;
			sourceTree = "<group>";
			versionGroupType = wrapper.xcdatamodel;
		};
/* End XCVersionGroup section */
	};
	rootObject = 2C836B481AFD5C660066C6DE /* Project object */;
}
